
Microsoft Visual Studio Solution File, Format Version 12.00
# Visual Studio Version 17
VisualStudioVersion = 17.4.33122.133
MinimumVisualStudioVersion = 10.0.40219.1
Project("{FAE04EC0-301F-11D3-BF4B-00C04F79EFBC}") = "Lec5", "Lec5\Lec5.csproj", "{55B07F57-3483-4568-9802-FE3CF90F63B0}"
EndProject
Global
	GlobalSection(SolutionConfigurationPlatforms) = preSolution
		Debug|Any CPU = Debug|Any CPU
		Release|Any CPU = Release|Any CPU
	EndGlobalSection
	GlobalSection(ProjectConfigurationPlatforms) = postSolution
		{55B07F57-3483-4568-9802-FE3CF90F63B0}.Debug|Any CPU.ActiveCfg = Debug|Any CPU
		{55B07F57-3483-4568-9802-FE3CF90F63B0}.Debug|Any CPU.Build.0 = Debug|Any CPU
		{55B07F57-3483-4568-9802-FE3CF90F63B0}.Release|Any CPU.ActiveCfg = Release|Any CPU
		{55B07F57-3483-4568-9802-FE3CF90F63B0}.Release|Any CPU.Build.0 = Release|Any CPU
	EndGlobalSection
	GlobalSection(SolutionProperties) = preSolution
		HideSolutionNode = FALSE
	EndGlobalSection
	GlobalSection(ExtensibilityGlobals) = postSolution
		SolutionGuid = {B8F0ABD8-7CC8-4B83-BC1F-073EDD351C04}
	EndGlobalSection
EndGlobal
